
Microsoft Visual Studio Solution File, Format Version 12.00
Project("{FAE04EC0-301F-11D3-BF4B-00C04F79EFBC}") = "ASToolkit.Storage", "ASToolkit.Storage\ASToolkit.Storage.csproj", "{EB8D2712-75C8-404E-8BE6-2939DD80CAE5}"
EndProject
Project("{2150E333-8FDC-42A3-9474-1A3956D46DE8}") = "Storage", "Storage", "{0CC91EFF-AC64-426D-9FF7-60AD86CAE606}"
EndProject
Project("{2150E333-8FDC-42A3-9474-1A3956D46DE8}") = "System", "System", "{1E4AA938-657E-446D-BC70-81922D7EE6CC}"
EndProject
Project("{FAE04EC0-301F-11D3-BF4B-00C04F79EFBC}") = "ASToolkit.Storage.System", "ASToolkit.Storage.System\ASToolkit.Storage.System.csproj", "{0F185037-3881-4365-88D7-28CA9900C1C2}"
EndProject
Project("{FAE04EC0-301F-11D3-BF4B-00C04F79EFBC}") = "ASToolkit.Storage.SystemTests", "ASToolkit.Storage.SystemTests\ASToolkit.Storage.SystemTests.csproj", "{3EA80E94-C096-44EB-BFE6-49426CE03516}"
EndProject
Project("{2150E333-8FDC-42A3-9474-1A3956D46DE8}") = "Parsing", "Parsing", "{7974D2A0-822B-4011-A6DE-0088AAA4E044}"
EndProject
Project("{2150E333-8FDC-42A3-9474-1A3956D46DE8}") = "Excel", "Excel", "{C6A2802C-5BC4-44F7-9E97-A2C29EF4A87F}"
EndProject
Project("{2150E333-8FDC-42A3-9474-1A3956D46DE8}") = "Csv", "Csv", "{77F8778C-E0B1-4C60-A7CD-A38638CB79E2}"
EndProject
Project("{2150E333-8FDC-42A3-9474-1A3956D46DE8}") = "Json", "Json", "{447355FC-4BD5-43B4-B341-179F3EE9947C}"
EndProject
Project("{FAE04EC0-301F-11D3-BF4B-00C04F79EFBC}") = "ASToolkit.Parsing.Csv", "ASToolkit.Parsing.Csv\ASToolkit.Parsing.Csv.csproj", "{4336A425-D84C-48D9-A3B0-A86097D766C3}"
EndProject
Project("{FAE04EC0-301F-11D3-BF4B-00C04F79EFBC}") = "ASToolkit.Parsing.CsvTests", "ASToolkit.Parsing.CsvTests\ASToolkit.Parsing.CsvTests.csproj", "{14572A3B-D110-4589-BF89-2DFBB127093C}"
EndProject
Project("{FAE04EC0-301F-11D3-BF4B-00C04F79EFBC}") = "ASToolkit.Parsing.Excel", "ASToolkit.Parsing.Excel\ASToolkit.Parsing.Excel.csproj", "{11EDB079-3C89-468F-8A87-181F113B37C5}"
EndProject
Project("{FAE04EC0-301F-11D3-BF4B-00C04F79EFBC}") = "ASToolkit.Parsing.ExcelTests", "ASToolkit.Parsing.ExcelTests\ASToolkit.Parsing.ExcelTests.csproj", "{6BBF4AC8-B090-4AFB-9687-4F4DE4CB4EE5}"
EndProject
Project("{FAE04EC0-301F-11D3-BF4B-00C04F79EFBC}") = "ASToolkit.Parsing.Json", "ASToolkit.Parsing.Json\ASToolkit.Parsing.Json.csproj", "{78E7FE98-2069-4A99-9058-6652BA23DAE1}"
EndProject
Project("{FAE04EC0-301F-11D3-BF4B-00C04F79EFBC}") = "ASToolkit.Parsing.JsonTests", "ASToolkit.Parsing.JsonTests\ASToolkit.Parsing.JsonTests.csproj", "{E2C62530-BE7B-4B42-B6FD-CF4F1B7C04B5}"
EndProject
Project("{FAE04EC0-301F-11D3-BF4B-00C04F79EFBC}") = "ASToolkit.Parsing", "ASToolkit.Parsing\ASToolkit.Parsing.csproj", "{9543A4FF-BE08-40F2-860D-494B86CB5555}"
EndProject
Project("{2150E333-8FDC-42A3-9474-1A3956D46DE8}") = "Domain", "Domain", "{33A2631A-6D33-480F-BB0D-B0C9CB1E703F}"
EndProject
Project("{FAE04EC0-301F-11D3-BF4B-00C04F79EFBC}") = "ASToolkit.Domain", "ASToolkit.Domain\ASToolkit.Domain.csproj", "{1A83496F-7E8E-4C7C-870A-D13195C597BC}"
EndProject
Project("{FAE04EC0-301F-11D3-BF4B-00C04F79EFBC}") = "ASToolkit.DomainTests", "ASToolkit.DomainTests\ASToolkit.DomainTests.csproj", "{D6A3A19D-27B8-48D2-97A5-637CBF9BA5BF}"
EndProject
Global
	GlobalSection(SolutionConfigurationPlatforms) = preSolution
		Debug|Any CPU = Debug|Any CPU
		Release|Any CPU = Release|Any CPU
	EndGlobalSection
	GlobalSection(ProjectConfigurationPlatforms) = postSolution
		{EB8D2712-75C8-404E-8BE6-2939DD80CAE5}.Debug|Any CPU.ActiveCfg = Debug|Any CPU
		{EB8D2712-75C8-404E-8BE6-2939DD80CAE5}.Debug|Any CPU.Build.0 = Debug|Any CPU
		{EB8D2712-75C8-404E-8BE6-2939DD80CAE5}.Release|Any CPU.ActiveCfg = Release|Any CPU
		{EB8D2712-75C8-404E-8BE6-2939DD80CAE5}.Release|Any CPU.Build.0 = Release|Any CPU
		{0F185037-3881-4365-88D7-28CA9900C1C2}.Debug|Any CPU.ActiveCfg = Debug|Any CPU
		{0F185037-3881-4365-88D7-28CA9900C1C2}.Debug|Any CPU.Build.0 = Debug|Any CPU
		{0F185037-3881-4365-88D7-28CA9900C1C2}.Release|Any CPU.ActiveCfg = Release|Any CPU
		{0F185037-3881-4365-88D7-28CA9900C1C2}.Release|Any CPU.Build.0 = Release|Any CPU
		{3EA80E94-C096-44EB-BFE6-49426CE03516}.Debug|Any CPU.ActiveCfg = Debug|Any CPU
		{3EA80E94-C096-44EB-BFE6-49426CE03516}.Debug|Any CPU.Build.0 = Debug|Any CPU
		{3EA80E94-C096-44EB-BFE6-49426CE03516}.Release|Any CPU.ActiveCfg = Release|Any CPU
		{3EA80E94-C096-44EB-BFE6-49426CE03516}.Release|Any CPU.Build.0 = Release|Any CPU
		{4336A425-D84C-48D9-A3B0-A86097D766C3}.Debug|Any CPU.ActiveCfg = Debug|Any CPU
		{4336A425-D84C-48D9-A3B0-A86097D766C3}.Debug|Any CPU.Build.0 = Debug|Any CPU
		{4336A425-D84C-48D9-A3B0-A86097D766C3}.Release|Any CPU.ActiveCfg = Release|Any CPU
		{4336A425-D84C-48D9-A3B0-A86097D766C3}.Release|Any CPU.Build.0 = Release|Any CPU
		{14572A3B-D110-4589-BF89-2DFBB127093C}.Debug|Any CPU.ActiveCfg = Debug|Any CPU
		{14572A3B-D110-4589-BF89-2DFBB127093C}.Debug|Any CPU.Build.0 = Debug|Any CPU
		{14572A3B-D110-4589-BF89-2DFBB127093C}.Release|Any CPU.ActiveCfg = Release|Any CPU
		{14572A3B-D110-4589-BF89-2DFBB127093C}.Release|Any CPU.Build.0 = Release|Any CPU
		{11EDB079-3C89-468F-8A87-181F113B37C5}.Debug|Any CPU.ActiveCfg = Debug|Any CPU
		{11EDB079-3C89-468F-8A87-181F113B37C5}.Debug|Any CPU.Build.0 = Debug|Any CPU
		{11EDB079-3C89-468F-8A87-181F113B37C5}.Release|Any CPU.ActiveCfg = Release|Any CPU
		{11EDB079-3C89-468F-8A87-181F113B37C5}.Release|Any CPU.Build.0 = Release|Any CPU
		{6BBF4AC8-B090-4AFB-9687-4F4DE4CB4EE5}.Debug|Any CPU.ActiveCfg = Debug|Any CPU
		{6BBF4AC8-B090-4AFB-9687-4F4DE4CB4EE5}.Debug|Any CPU.Build.0 = Debug|Any CPU
		{6BBF4AC8-B090-4AFB-9687-4F4DE4CB4EE5}.Release|Any CPU.ActiveCfg = Release|Any CPU
		{6BBF4AC8-B090-4AFB-9687-4F4DE4CB4EE5}.Release|Any CPU.Build.0 = Release|Any CPU
		{78E7FE98-2069-4A99-9058-6652BA23DAE1}.Debug|Any CPU.ActiveCfg = Debug|Any CPU
		{78E7FE98-2069-4A99-9058-6652BA23DAE1}.Debug|Any CPU.Build.0 = Debug|Any CPU
		{78E7FE98-2069-4A99-9058-6652BA23DAE1}.Release|Any CPU.ActiveCfg = Release|Any CPU
		{78E7FE98-2069-4A99-9058-6652BA23DAE1}.Release|Any CPU.Build.0 = Release|Any CPU
		{E2C62530-BE7B-4B42-B6FD-CF4F1B7C04B5}.Debug|Any CPU.ActiveCfg = Debug|Any CPU
		{E2C62530-BE7B-4B42-B6FD-CF4F1B7C04B5}.Debug|Any CPU.Build.0 = Debug|Any CPU
		{E2C62530-BE7B-4B42-B6FD-CF4F1B7C04B5}.Release|Any CPU.ActiveCfg = Release|Any CPU
		{E2C62530-BE7B-4B42-B6FD-CF4F1B7C04B5}.Release|Any CPU.Build.0 = Release|Any CPU
		{9543A4FF-BE08-40F2-860D-494B86CB5555}.Debug|Any CPU.ActiveCfg = Debug|Any CPU
		{9543A4FF-BE08-40F2-860D-494B86CB5555}.Debug|Any CPU.Build.0 = Debug|Any CPU
		{9543A4FF-BE08-40F2-860D-494B86CB5555}.Release|Any CPU.ActiveCfg = Release|Any CPU
		{9543A4FF-BE08-40F2-860D-494B86CB5555}.Release|Any CPU.Build.0 = Release|Any CPU
		{1A83496F-7E8E-4C7C-870A-D13195C597BC}.Debug|Any CPU.ActiveCfg = Debug|Any CPU
		{1A83496F-7E8E-4C7C-870A-D13195C597BC}.Debug|Any CPU.Build.0 = Debug|Any CPU
		{1A83496F-7E8E-4C7C-870A-D13195C597BC}.Release|Any CPU.ActiveCfg = Release|Any CPU
		{1A83496F-7E8E-4C7C-870A-D13195C597BC}.Release|Any CPU.Build.0 = Release|Any CPU
		{D6A3A19D-27B8-48D2-97A5-637CBF9BA5BF}.Debug|Any CPU.ActiveCfg = Debug|Any CPU
		{D6A3A19D-27B8-48D2-97A5-637CBF9BA5BF}.Debug|Any CPU.Build.0 = Debug|Any CPU
		{D6A3A19D-27B8-48D2-97A5-637CBF9BA5BF}.Release|Any CPU.ActiveCfg = Release|Any CPU
		{D6A3A19D-27B8-48D2-97A5-637CBF9BA5BF}.Release|Any CPU.Build.0 = Release|Any CPU
	EndGlobalSection
	GlobalSection(NestedProjects) = preSolution
		{EB8D2712-75C8-404E-8BE6-2939DD80CAE5} = {0CC91EFF-AC64-426D-9FF7-60AD86CAE606}
		{1E4AA938-657E-446D-BC70-81922D7EE6CC} = {0CC91EFF-AC64-426D-9FF7-60AD86CAE606}
		{0F185037-3881-4365-88D7-28CA9900C1C2} = {1E4AA938-657E-446D-BC70-81922D7EE6CC}
		{3EA80E94-C096-44EB-BFE6-49426CE03516} = {1E4AA938-657E-446D-BC70-81922D7EE6CC}
		{C6A2802C-5BC4-44F7-9E97-A2C29EF4A87F} = {7974D2A0-822B-4011-A6DE-0088AAA4E044}
		{77F8778C-E0B1-4C60-A7CD-A38638CB79E2} = {7974D2A0-822B-4011-A6DE-0088AAA4E044}
		{447355FC-4BD5-43B4-B341-179F3EE9947C} = {7974D2A0-822B-4011-A6DE-0088AAA4E044}
		{4336A425-D84C-48D9-A3B0-A86097D766C3} = {77F8778C-E0B1-4C60-A7CD-A38638CB79E2}
		{14572A3B-D110-4589-BF89-2DFBB127093C} = {77F8778C-E0B1-4C60-A7CD-A38638CB79E2}
		{11EDB079-3C89-468F-8A87-181F113B37C5} = {C6A2802C-5BC4-44F7-9E97-A2C29EF4A87F}
		{6BBF4AC8-B090-4AFB-9687-4F4DE4CB4EE5} = {C6A2802C-5BC4-44F7-9E97-A2C29EF4A87F}
		{78E7FE98-2069-4A99-9058-6652BA23DAE1} = {447355FC-4BD5-43B4-B341-179F3EE9947C}
		{E2C62530-BE7B-4B42-B6FD-CF4F1B7C04B5} = {447355FC-4BD5-43B4-B341-179F3EE9947C}
		{9543A4FF-BE08-40F2-860D-494B86CB5555} = {7974D2A0-822B-4011-A6DE-0088AAA4E044}
		{1A83496F-7E8E-4C7C-870A-D13195C597BC} = {33A2631A-6D33-480F-BB0D-B0C9CB1E703F}
		{D6A3A19D-27B8-48D2-97A5-637CBF9BA5BF} = {33A2631A-6D33-480F-BB0D-B0C9CB1E703F}
	EndGlobalSection
EndGlobal
